
Microsoft Visual Studio Solution File, Format Version 12.00
# Visual Studio Version 17
VisualStudioVersion = 17.7.34221.43
MinimumVisualStudioVersion = 10.0.40219.1
Project("{FAE04EC0-301F-11D3-BF4B-00C04F79EFBC}") = "Assignment5_SebastianRomero", "Assignment5_SebastianRomero\Assignment5_SebastianRomero.csproj", "{97C73A1D-ED3B-425A-AF3B-9ADA9F1A5D19}"
EndProject
Global
	GlobalSection(SolutionConfigurationPlatforms) = preSolution
		Debug|Any CPU = Debug|Any CPU
		Release|Any CPU = Release|Any CPU
	EndGlobalSection
	GlobalSection(ProjectConfigurationPlatforms) = postSolution
		{97C73A1D-ED3B-425A-AF3B-9ADA9F1A5D19}.Debug|Any CPU.ActiveCfg = Debug|Any CPU
		{97C73A1D-ED3B-425A-AF3B-9ADA9F1A5D19}.Debug|Any CPU.Build.0 = Debug|Any CPU
		{97C73A1D-ED3B-425A-AF3B-9ADA9F1A5D19}.Release|Any CPU.ActiveCfg = Release|Any CPU
		{97C73A1D-ED3B-425A-AF3B-9ADA9F1A5D19}.Release|Any CPU.Build.0 = Release|Any CPU
	EndGlobalSection
	GlobalSection(SolutionProperties) = preSolution
		HideSolutionNode = FALSE
	EndGlobalSection
	GlobalSection(ExtensibilityGlobals) = postSolution
		SolutionGuid = {D92587B2-BF83-464B-BE59-26D6711241C1}
	EndGlobalSection
EndGlobal
